{
  "name": "1644_assignment",
  "lockfileVersion": 2,
  "requires": true,
  "packages": {
    "": {
      "dependencies": {
        "readline": "^1.3.0",
        "req": "^0.1.4"
      }
    },
    "node_modules/mime": {
      "version": "1.2.5",
      "resolved": "https://registry.npmjs.org/mime/-/mime-1.2.5.tgz",
      "integrity": "sha512-QfwTOA+zRHSZXxl9Y7ue5ifKDhU1prnh0dO67Vgcl7Lcx0+79vL9A1ln0qtVur8CFSdYq5Zhnw9DDZQgwDh8Ng==",
      "engines": {
        "node": "*"
      }
    },
    "node_modules/optimist": {
      "version": "0.3.1",
      "resolved": "https://registry.npmjs.org/optimist/-/optimist-0.3.1.tgz",
      "integrity": "sha512-SlvDwWll6UznuRvu5kxmlskndLf8GPbTFr75XYWkbmDdDL3HZWnsUqUbniXCpWlJnsIxJ5ZKKy0DOfL0i2RCRA==",
      "dependencies": {
        "wordwrap": ">=0.0.1 <0.1.0"
      },
      "engines": {
        "node": "*"
      }
    },
    "node_modules/progress": {
      "version": "0.0.4",
      "resolved": "https://registry.npmjs.org/progress/-/progress-0.0.4.tgz",
      "integrity": "sha512-D91pHw+l8w46yr1/UNAdjXRbDu4bKxR4DZQV3yosuX7osMR54SNewCfhg2LWqjb1Q1cCUSz0nJ15WDFG1w5BIQ==",
      "engines": {
        "node": ">=0.4.0"
      }
    },
    "node_modules/readline": {
      "version": "1.3.0",
      "resolved": "https://registry.npmjs.org/readline/-/readline-1.3.0.tgz",
      "integrity": "sha512-k2d6ACCkiNYz222Fs/iNze30rRJ1iIicW7JuX/7/cozvih6YCkFZH+J6mAFDVgv0dRBaAyr4jDqC95R2y4IADg=="
    },
    "node_modules/req": {
      "version": "0.1.4",
      "resolved": "https://registry.npmjs.org/req/-/req-0.1.4.tgz",
      "integrity": "sha512-5CyYTI61GMT89nePHyeblTaMWYiVhTxkJdix4qXbeor8RffiPB9qELEUHzzeFudlKeoSuDczomfKq11e/kyz+A==",
      "dependencies": {
        "mime": "1.2.5",
        "optimist": "0.3.1",
        "progress": "0.0.4",
        "request": "2.9.202"
      },
      "bin": {
        "req": "bin/req"
      }
    },
    "node_modules/request": {
      "version": "2.9.202",
      "resolved": "https://registry.npmjs.org/request/-/request-2.9.202.tgz",
      "integrity": "sha512-3tc+z/Mcu5Ux4WCZ2dh3F/h7EghvlTQNr0OeplFt09gOCbSZ8MZpHwWIjX/s6I8CsineNvUBGG4/QUNLSC9nKg==",
      "deprecated": "request has been deprecated, see https://github.com/request/request/issues/3142",
      "engines": [
        "node >= 0.3.6"
      ]
    },
    "node_modules/wordwrap": {
      "version": "0.0.3",
      "resolved": "https://registry.npmjs.org/wordwrap/-/wordwrap-0.0.3.tgz",
      "integrity": "sha512-1tMA907+V4QmxV7dbRvb4/8MaRALK6q9Abid3ndMYnbyo8piisCmeONVqVSXqQA3KaP4SLt5b7ud6E2sqP8TFw==",
      "engines": {
        "node": ">=0.4.0"
      }
    }
  },
  "dependencies": {
    "mime": {
      "version": "1.2.5",
      "resolved": "https://registry.npmjs.org/mime/-/mime-1.2.5.tgz",
      "integrity": "sha512-QfwTOA+zRHSZXxl9Y7ue5ifKDhU1prnh0dO67Vgcl7Lcx0+79vL9A1ln0qtVur8CFSdYq5Zhnw9DDZQgwDh8Ng=="
    },
    "optimist": {
      "version": "0.3.1",
      "resolved": "https://registry.npmjs.org/optimist/-/optimist-0.3.1.tgz",
      "integrity": "sha512-SlvDwWll6UznuRvu5kxmlskndLf8GPbTFr75XYWkbmDdDL3HZWnsUqUbniXCpWlJnsIxJ5ZKKy0DOfL0i2RCRA==",
      "requires": {
        "wordwrap": ">=0.0.1 <0.1.0"
      }
    },
    "progress": {
      "version": "0.0.4",
      "resolved": "https://registry.npmjs.org/progress/-/progress-0.0.4.tgz",
      "integrity": "sha512-D91pHw+l8w46yr1/UNAdjXRbDu4bKxR4DZQV3yosuX7osMR54SNewCfhg2LWqjb1Q1cCUSz0nJ15WDFG1w5BIQ=="
    },
    "readline": {
      "version": "1.3.0",
      "resolved": "https://registry.npmjs.org/readline/-/readline-1.3.0.tgz",
      "integrity": "sha512-k2d6ACCkiNYz222Fs/iNze30rRJ1iIicW7JuX/7/cozvih6YCkFZH+J6mAFDVgv0dRBaAyr4jDqC95R2y4IADg=="
    },
    "req": {
      "version": "0.1.4",
      "resolved": "https://registry.npmjs.org/req/-/req-0.1.4.tgz",
      "integrity": "sha512-5CyYTI61GMT89nePHyeblTaMWYiVhTxkJdix4qXbeor8RffiPB9qELEUHzzeFudlKeoSuDczomfKq11e/kyz+A==",
      "requires": {
        "mime": "1.2.5",
        "optimist": "0.3.1",
        "progress": "0.0.4",
        "request": "2.9.202"
      }
    },
    "request": {
      "version": "2.9.202",
      "resolved": "https://registry.npmjs.org/request/-/request-2.9.202.tgz",
      "integrity": "sha512-3tc+z/Mcu5Ux4WCZ2dh3F/h7EghvlTQNr0OeplFt09gOCbSZ8MZpHwWIjX/s6I8CsineNvUBGG4/QUNLSC9nKg=="
    },
    "wordwrap": {
      "version": "0.0.3",
      "resolved": "https://registry.npmjs.org/wordwrap/-/wordwrap-0.0.3.tgz",
      "integrity": "sha512-1tMA907+V4QmxV7dbRvb4/8MaRALK6q9Abid3ndMYnbyo8piisCmeONVqVSXqQA3KaP4SLt5b7ud6E2sqP8TFw=="
    }
  }
}
